
Microsoft Visual Studio Solution File, Format Version 12.00
# Visual Studio Version 16
VisualStudioVersion = 16.0.28803.202
MinimumVisualStudioVersion = 10.0.40219.1
Project("{9A19103F-16F7-4668-BE54-9A1E7A4F7556}") = "WebApiTests", "WebApiTests\WebApiTests.csproj", "{492C86D7-24FB-4E81-B3A8-791A6DEEC863}"
EndProject
Project("{9A19103F-16F7-4668-BE54-9A1E7A4F7556}") = "Lab", "Lab\Lab.csproj", "{095C1F3B-AD99-4E52-A7C8-7A9D68D610CB}"
EndProject
Global
	GlobalSection(SolutionConfigurationPlatforms) = preSolution
		Debug|Any CPU = Debug|Any CPU
		Release|Any CPU = Release|Any CPU
	EndGlobalSection
	GlobalSection(ProjectConfigurationPlatforms) = postSolution
		{492C86D7-24FB-4E81-B3A8-791A6DEEC863}.Debug|Any CPU.ActiveCfg = Debug|Any CPU
		{492C86D7-24FB-4E81-B3A8-791A6DEEC863}.Debug|Any CPU.Build.0 = Debug|Any CPU
		{492C86D7-24FB-4E81-B3A8-791A6DEEC863}.Release|Any CPU.ActiveCfg = Release|Any CPU
		{492C86D7-24FB-4E81-B3A8-791A6DEEC863}.Release|Any CPU.Build.0 = Release|Any CPU
		{095C1F3B-AD99-4E52-A7C8-7A9D68D610CB}.Debug|Any CPU.ActiveCfg = Debug|Any CPU
		{095C1F3B-AD99-4E52-A7C8-7A9D68D610CB}.Debug|Any CPU.Build.0 = Debug|Any CPU
		{095C1F3B-AD99-4E52-A7C8-7A9D68D610CB}.Release|Any CPU.ActiveCfg = Release|Any CPU
		{095C1F3B-AD99-4E52-A7C8-7A9D68D610CB}.Release|Any CPU.Build.0 = Release|Any CPU
	EndGlobalSection
	GlobalSection(SolutionProperties) = preSolution
		HideSolutionNode = FALSE
	EndGlobalSection
	GlobalSection(ExtensibilityGlobals) = postSolution
		SolutionGuid = {B2C5D77E-2C97-471D-AA11-9CDF7A0AE766}
	EndGlobalSection
EndGlobal
